
Microsoft Visual Studio Solution File, Format Version 12.00
# Visual Studio Version 17
VisualStudioVersion = 17.0.31912.275
MinimumVisualStudioVersion = 10.0.40219.1
Project("{2150E333-8FDC-42A3-9474-1A3956D46DE8}") = "src", "src", "{827E0CD3-B72D-47B6-A68D-7590B98EB39B}"
EndProject
Project("{FAE04EC0-301F-11D3-BF4B-00C04F79EFBC}") = "MyApp.Host", "src\MyApp.Host\MyApp.Host.csproj", "{C243D013-C9A9-4782-8240-A50CCF8265FF}"
EndProject
Project("{2150E333-8FDC-42A3-9474-1A3956D46DE8}") = "BuildingBlocks", "BuildingBlocks", "{90298CBA-BD6F-3A0A-69D5-97CAD7B05E7E}"
EndProject
Project("{FAE04EC0-301F-11D3-BF4B-00C04F79EFBC}") = "MyApp.BuildingBlocks.Domain", "src\BuildingBlocks\MyApp.BuildingBlocks.Domain\MyApp.BuildingBlocks.Domain.csproj", "{8C5EE0DC-A06F-447D-AD39-2DB5F67D4E22}"
EndProject
Project("{FAE04EC0-301F-11D3-BF4B-00C04F79EFBC}") = "MyApp.BuildingBlocks.Application", "src\BuildingBlocks\MyApp.BuildingBlocks.Application\MyApp.BuildingBlocks.Application.csproj", "{BEE26EBF-A8AC-43CE-8DF0-9B1C93F70626}"
EndProject
Project("{FAE04EC0-301F-11D3-BF4B-00C04F79EFBC}") = "MyApp.BuildingBlocks.Infrastructure", "src\BuildingBlocks\MyApp.BuildingBlocks.Infrastructure\MyApp.BuildingBlocks.Infrastructure.csproj", "{3EEAD9FC-00FD-4D63-AE04-E85D24C5A09E}"
EndProject
Project("{FAE04EC0-301F-11D3-BF4B-00C04F79EFBC}") = "MyApp.BuildingBlocks.Presentation", "src\BuildingBlocks\MyApp.BuildingBlocks.Presentation\MyApp.BuildingBlocks.Presentation.csproj", "{61A69591-36DE-4607-851A-6A9F39E1DA0F}"
EndProject
Project("{2150E333-8FDC-42A3-9474-1A3956D46DE8}") = "Modules", "Modules", "{EC447DCF-ABFA-6E24-52A5-D7FD48A5C558}"
EndProject
Project("{2150E333-8FDC-42A3-9474-1A3956D46DE8}") = "Orders", "Orders", "{CFD98C11-0354-2BE4-4011-BD6AEF12219D}"
EndProject
Project("{FAE04EC0-301F-11D3-BF4B-00C04F79EFBC}") = "MyApp.Modules.Orders.Domain", "src\Modules\Orders\MyApp.Modules.Orders.Domain\MyApp.Modules.Orders.Domain.csproj", "{1DB8579E-F267-4F73-AE90-F6F05A3CECAC}"
EndProject
Project("{FAE04EC0-301F-11D3-BF4B-00C04F79EFBC}") = "MyApp.Modules.Orders.Application", "src\Modules\Orders\MyApp.Modules.Orders.Application\MyApp.Modules.Orders.Application.csproj", "{7C81D9FE-7010-4D50-BD6C-75A9AE8187AF}"
EndProject
Project("{FAE04EC0-301F-11D3-BF4B-00C04F79EFBC}") = "MyApp.Modules.Orders.Infrastructure", "src\Modules\Orders\MyApp.Modules.Orders.Infrastructure\MyApp.Modules.Orders.Infrastructure.csproj", "{23F90576-2641-4130-9B24-C1DFEC9CB2F6}"
EndProject
Project("{FAE04EC0-301F-11D3-BF4B-00C04F79EFBC}") = "MyApp.Modules.Orders.Contracts", "src\Modules\Orders\MyApp.Modules.Orders.Contracts\MyApp.Modules.Orders.Contracts.csproj", "{223BF19A-6E3B-418B-8C86-2083A33E7F7D}"
EndProject
Project("{2150E333-8FDC-42A3-9474-1A3956D46DE8}") = "Transport", "Transport", "{83305918-64C9-8F14-85A3-CA2B958EC104}"
EndProject
Project("{FAE04EC0-301F-11D3-BF4B-00C04F79EFBC}") = "MyApp.Modules.Transport.Application", "src\Modules\Transport\MyApp.Modules.Transport.Application\MyApp.Modules.Transport.Application.csproj", "{027A1007-2EDA-411C-9865-65514FA49894}"
EndProject
Project("{FAE04EC0-301F-11D3-BF4B-00C04F79EFBC}") = "MyApp.Modules.Transport.Infrastructure", "src\Modules\Transport\MyApp.Modules.Transport.Infrastructure\MyApp.Modules.Transport.Infrastructure.csproj", "{792B7E28-1A53-4BE5-962D-F068A98DAA75}"
EndProject
Project("{FAE04EC0-301F-11D3-BF4B-00C04F79EFBC}") = "MyApp.Modules.Orders.Presentation", "src\Modules\Orders\MyApp.Modules.Orders.Presentation\MyApp.Modules.Orders.Presentation.csproj", "{C5C42B5F-3D80-B0F5-22DB-FBEFDF5BD1A7}"
EndProject
Project("{FAE04EC0-301F-11D3-BF4B-00C04F79EFBC}") = "MyApp.Modules.Orders", "src\Modules\Orders\MyApp.Modules.Orders\MyApp.Modules.Orders.csproj", "{073D9D71-C4C0-E8D4-5EC1-8364551EFA52}"
EndProject
Project("{FAE04EC0-301F-11D3-BF4B-00C04F79EFBC}") = "MyApp.Modules.Transport", "src\Modules\Transport\MyApp.Modules.Transport\MyApp.Modules.Transport.csproj", "{9A3FE823-2404-67A3-C07F-287CA31944C1}"
EndProject
Project("{FAE04EC0-301F-11D3-BF4B-00C04F79EFBC}") = "MyApp.IntegrationContracts", "src\IntegrationContracts\MyApp.IntegrationContracts.csproj", "{4EA18762-1326-B16C-DECE-AEEE9DEB1C6A}"
EndProject
Global
	GlobalSection(SolutionConfigurationPlatforms) = preSolution
		Debug|Any CPU = Debug|Any CPU
		Debug|x64 = Debug|x64
		Debug|x86 = Debug|x86
		Release|Any CPU = Release|Any CPU
		Release|x64 = Release|x64
		Release|x86 = Release|x86
	EndGlobalSection
	GlobalSection(ProjectConfigurationPlatforms) = postSolution
		{C243D013-C9A9-4782-8240-A50CCF8265FF}.Debug|Any CPU.ActiveCfg = Debug|Any CPU
		{C243D013-C9A9-4782-8240-A50CCF8265FF}.Debug|Any CPU.Build.0 = Debug|Any CPU
		{C243D013-C9A9-4782-8240-A50CCF8265FF}.Debug|x64.ActiveCfg = Debug|Any CPU
		{C243D013-C9A9-4782-8240-A50CCF8265FF}.Debug|x64.Build.0 = Debug|Any CPU
		{C243D013-C9A9-4782-8240-A50CCF8265FF}.Debug|x86.ActiveCfg = Debug|Any CPU
		{C243D013-C9A9-4782-8240-A50CCF8265FF}.Debug|x86.Build.0 = Debug|Any CPU
		{C243D013-C9A9-4782-8240-A50CCF8265FF}.Release|Any CPU.ActiveCfg = Release|Any CPU
		{C243D013-C9A9-4782-8240-A50CCF8265FF}.Release|Any CPU.Build.0 = Release|Any CPU
		{C243D013-C9A9-4782-8240-A50CCF8265FF}.Release|x64.ActiveCfg = Release|Any CPU
		{C243D013-C9A9-4782-8240-A50CCF8265FF}.Release|x64.Build.0 = Release|Any CPU
		{C243D013-C9A9-4782-8240-A50CCF8265FF}.Release|x86.ActiveCfg = Release|Any CPU
		{C243D013-C9A9-4782-8240-A50CCF8265FF}.Release|x86.Build.0 = Release|Any CPU
		{8C5EE0DC-A06F-447D-AD39-2DB5F67D4E22}.Debug|Any CPU.ActiveCfg = Debug|Any CPU
		{8C5EE0DC-A06F-447D-AD39-2DB5F67D4E22}.Debug|Any CPU.Build.0 = Debug|Any CPU
		{8C5EE0DC-A06F-447D-AD39-2DB5F67D4E22}.Debug|x64.ActiveCfg = Debug|Any CPU
		{8C5EE0DC-A06F-447D-AD39-2DB5F67D4E22}.Debug|x64.Build.0 = Debug|Any CPU
		{8C5EE0DC-A06F-447D-AD39-2DB5F67D4E22}.Debug|x86.ActiveCfg = Debug|Any CPU
		{8C5EE0DC-A06F-447D-AD39-2DB5F67D4E22}.Debug|x86.Build.0 = Debug|Any CPU
		{8C5EE0DC-A06F-447D-AD39-2DB5F67D4E22}.Release|Any CPU.ActiveCfg = Release|Any CPU
		{8C5EE0DC-A06F-447D-AD39-2DB5F67D4E22}.Release|Any CPU.Build.0 = Release|Any CPU
		{8C5EE0DC-A06F-447D-AD39-2DB5F67D4E22}.Release|x64.ActiveCfg = Release|Any CPU
		{8C5EE0DC-A06F-447D-AD39-2DB5F67D4E22}.Release|x64.Build.0 = Release|Any CPU
		{8C5EE0DC-A06F-447D-AD39-2DB5F67D4E22}.Release|x86.ActiveCfg = Release|Any CPU
		{8C5EE0DC-A06F-447D-AD39-2DB5F67D4E22}.Release|x86.Build.0 = Release|Any CPU
		{BEE26EBF-A8AC-43CE-8DF0-9B1C93F70626}.Debug|Any CPU.ActiveCfg = Debug|Any CPU
		{BEE26EBF-A8AC-43CE-8DF0-9B1C93F70626}.Debug|Any CPU.Build.0 = Debug|Any CPU
		{BEE26EBF-A8AC-43CE-8DF0-9B1C93F70626}.Debug|x64.ActiveCfg = Debug|Any CPU
		{BEE26EBF-A8AC-43CE-8DF0-9B1C93F70626}.Debug|x64.Build.0 = Debug|Any CPU
		{BEE26EBF-A8AC-43CE-8DF0-9B1C93F70626}.Debug|x86.ActiveCfg = Debug|Any CPU
		{BEE26EBF-A8AC-43CE-8DF0-9B1C93F70626}.Debug|x86.Build.0 = Debug|Any CPU
		{BEE26EBF-A8AC-43CE-8DF0-9B1C93F70626}.Release|Any CPU.ActiveCfg = Release|Any CPU
		{BEE26EBF-A8AC-43CE-8DF0-9B1C93F70626}.Release|Any CPU.Build.0 = Release|Any CPU
		{BEE26EBF-A8AC-43CE-8DF0-9B1C93F70626}.Release|x64.ActiveCfg = Release|Any CPU
		{BEE26EBF-A8AC-43CE-8DF0-9B1C93F70626}.Release|x64.Build.0 = Release|Any CPU
		{BEE26EBF-A8AC-43CE-8DF0-9B1C93F70626}.Release|x86.ActiveCfg = Release|Any CPU
		{BEE26EBF-A8AC-43CE-8DF0-9B1C93F70626}.Release|x86.Build.0 = Release|Any CPU
		{3EEAD9FC-00FD-4D63-AE04-E85D24C5A09E}.Debug|Any CPU.ActiveCfg = Debug|Any CPU
		{3EEAD9FC-00FD-4D63-AE04-E85D24C5A09E}.Debug|Any CPU.Build.0 = Debug|Any CPU
		{3EEAD9FC-00FD-4D63-AE04-E85D24C5A09E}.Debug|x64.ActiveCfg = Debug|Any CPU
		{3EEAD9FC-00FD-4D63-AE04-E85D24C5A09E}.Debug|x64.Build.0 = Debug|Any CPU
		{3EEAD9FC-00FD-4D63-AE04-E85D24C5A09E}.Debug|x86.ActiveCfg = Debug|Any CPU
		{3EEAD9FC-00FD-4D63-AE04-E85D24C5A09E}.Debug|x86.Build.0 = Debug|Any CPU
		{3EEAD9FC-00FD-4D63-AE04-E85D24C5A09E}.Release|Any CPU.ActiveCfg = Release|Any CPU
		{3EEAD9FC-00FD-4D63-AE04-E85D24C5A09E}.Release|Any CPU.Build.0 = Release|Any CPU
		{3EEAD9FC-00FD-4D63-AE04-E85D24C5A09E}.Release|x64.ActiveCfg = Release|Any CPU
		{3EEAD9FC-00FD-4D63-AE04-E85D24C5A09E}.Release|x64.Build.0 = Release|Any CPU
		{3EEAD9FC-00FD-4D63-AE04-E85D24C5A09E}.Release|x86.ActiveCfg = Release|Any CPU
		{3EEAD9FC-00FD-4D63-AE04-E85D24C5A09E}.Release|x86.Build.0 = Release|Any CPU
		{61A69591-36DE-4607-851A-6A9F39E1DA0F}.Debug|Any CPU.ActiveCfg = Debug|Any CPU
		{61A69591-36DE-4607-851A-6A9F39E1DA0F}.Debug|Any CPU.Build.0 = Debug|Any CPU
		{61A69591-36DE-4607-851A-6A9F39E1DA0F}.Debug|x64.ActiveCfg = Debug|Any CPU
		{61A69591-36DE-4607-851A-6A9F39E1DA0F}.Debug|x64.Build.0 = Debug|Any CPU
		{61A69591-36DE-4607-851A-6A9F39E1DA0F}.Debug|x86.ActiveCfg = Debug|Any CPU
		{61A69591-36DE-4607-851A-6A9F39E1DA0F}.Debug|x86.Build.0 = Debug|Any CPU
		{61A69591-36DE-4607-851A-6A9F39E1DA0F}.Release|Any CPU.ActiveCfg = Release|Any CPU
		{61A69591-36DE-4607-851A-6A9F39E1DA0F}.Release|Any CPU.Build.0 = Release|Any CPU
		{61A69591-36DE-4607-851A-6A9F39E1DA0F}.Release|x64.ActiveCfg = Release|Any CPU
		{61A69591-36DE-4607-851A-6A9F39E1DA0F}.Release|x64.Build.0 = Release|Any CPU
		{61A69591-36DE-4607-851A-6A9F39E1DA0F}.Release|x86.ActiveCfg = Release|Any CPU
		{61A69591-36DE-4607-851A-6A9F39E1DA0F}.Release|x86.Build.0 = Release|Any CPU
		{1DB8579E-F267-4F73-AE90-F6F05A3CECAC}.Debug|Any CPU.ActiveCfg = Debug|Any CPU
		{1DB8579E-F267-4F73-AE90-F6F05A3CECAC}.Debug|Any CPU.Build.0 = Debug|Any CPU
		{1DB8579E-F267-4F73-AE90-F6F05A3CECAC}.Debug|x64.ActiveCfg = Debug|Any CPU
		{1DB8579E-F267-4F73-AE90-F6F05A3CECAC}.Debug|x64.Build.0 = Debug|Any CPU
		{1DB8579E-F267-4F73-AE90-F6F05A3CECAC}.Debug|x86.ActiveCfg = Debug|Any CPU
		{1DB8579E-F267-4F73-AE90-F6F05A3CECAC}.Debug|x86.Build.0 = Debug|Any CPU
		{1DB8579E-F267-4F73-AE90-F6F05A3CECAC}.Release|Any CPU.ActiveCfg = Release|Any CPU
		{1DB8579E-F267-4F73-AE90-F6F05A3CECAC}.Release|Any CPU.Build.0 = Release|Any CPU
		{1DB8579E-F267-4F73-AE90-F6F05A3CECAC}.Release|x64.ActiveCfg = Release|Any CPU
		{1DB8579E-F267-4F73-AE90-F6F05A3CECAC}.Release|x64.Build.0 = Release|Any CPU
		{1DB8579E-F267-4F73-AE90-F6F05A3CECAC}.Release|x86.ActiveCfg = Release|Any CPU
		{1DB8579E-F267-4F73-AE90-F6F05A3CECAC}.Release|x86.Build.0 = Release|Any CPU
		{7C81D9FE-7010-4D50-BD6C-75A9AE8187AF}.Debug|Any CPU.ActiveCfg = Debug|Any CPU
		{7C81D9FE-7010-4D50-BD6C-75A9AE8187AF}.Debug|Any CPU.Build.0 = Debug|Any CPU
		{7C81D9FE-7010-4D50-BD6C-75A9AE8187AF}.Debug|x64.ActiveCfg = Debug|Any CPU
		{7C81D9FE-7010-4D50-BD6C-75A9AE8187AF}.Debug|x64.Build.0 = Debug|Any CPU
		{7C81D9FE-7010-4D50-BD6C-75A9AE8187AF}.Debug|x86.ActiveCfg = Debug|Any CPU
		{7C81D9FE-7010-4D50-BD6C-75A9AE8187AF}.Debug|x86.Build.0 = Debug|Any CPU
		{7C81D9FE-7010-4D50-BD6C-75A9AE8187AF}.Release|Any CPU.ActiveCfg = Release|Any CPU
		{7C81D9FE-7010-4D50-BD6C-75A9AE8187AF}.Release|Any CPU.Build.0 = Release|Any CPU
		{7C81D9FE-7010-4D50-BD6C-75A9AE8187AF}.Release|x64.ActiveCfg = Release|Any CPU
		{7C81D9FE-7010-4D50-BD6C-75A9AE8187AF}.Release|x64.Build.0 = Release|Any CPU
		{7C81D9FE-7010-4D50-BD6C-75A9AE8187AF}.Release|x86.ActiveCfg = Release|Any CPU
		{7C81D9FE-7010-4D50-BD6C-75A9AE8187AF}.Release|x86.Build.0 = Release|Any CPU
		{23F90576-2641-4130-9B24-C1DFEC9CB2F6}.Debug|Any CPU.ActiveCfg = Debug|Any CPU
		{23F90576-2641-4130-9B24-C1DFEC9CB2F6}.Debug|Any CPU.Build.0 = Debug|Any CPU
		{23F90576-2641-4130-9B24-C1DFEC9CB2F6}.Debug|x64.ActiveCfg = Debug|Any CPU
		{23F90576-2641-4130-9B24-C1DFEC9CB2F6}.Debug|x64.Build.0 = Debug|Any CPU
		{23F90576-2641-4130-9B24-C1DFEC9CB2F6}.Debug|x86.ActiveCfg = Debug|Any CPU
		{23F90576-2641-4130-9B24-C1DFEC9CB2F6}.Debug|x86.Build.0 = Debug|Any CPU
		{23F90576-2641-4130-9B24-C1DFEC9CB2F6}.Release|Any CPU.ActiveCfg = Release|Any CPU
		{23F90576-2641-4130-9B24-C1DFEC9CB2F6}.Release|Any CPU.Build.0 = Release|Any CPU
		{23F90576-2641-4130-9B24-C1DFEC9CB2F6}.Release|x64.ActiveCfg = Release|Any CPU
		{23F90576-2641-4130-9B24-C1DFEC9CB2F6}.Release|x64.Build.0 = Release|Any CPU
		{23F90576-2641-4130-9B24-C1DFEC9CB2F6}.Release|x86.ActiveCfg = Release|Any CPU
		{23F90576-2641-4130-9B24-C1DFEC9CB2F6}.Release|x86.Build.0 = Release|Any CPU
		{223BF19A-6E3B-418B-8C86-2083A33E7F7D}.Debug|Any CPU.ActiveCfg = Debug|Any CPU
		{223BF19A-6E3B-418B-8C86-2083A33E7F7D}.Debug|Any CPU.Build.0 = Debug|Any CPU
		{223BF19A-6E3B-418B-8C86-2083A33E7F7D}.Debug|x64.ActiveCfg = Debug|Any CPU
		{223BF19A-6E3B-418B-8C86-2083A33E7F7D}.Debug|x64.Build.0 = Debug|Any CPU
		{223BF19A-6E3B-418B-8C86-2083A33E7F7D}.Debug|x86.ActiveCfg = Debug|Any CPU
		{223BF19A-6E3B-418B-8C86-2083A33E7F7D}.Debug|x86.Build.0 = Debug|Any CPU
		{223BF19A-6E3B-418B-8C86-2083A33E7F7D}.Release|Any CPU.ActiveCfg = Release|Any CPU
		{223BF19A-6E3B-418B-8C86-2083A33E7F7D}.Release|Any CPU.Build.0 = Release|Any CPU
		{223BF19A-6E3B-418B-8C86-2083A33E7F7D}.Release|x64.ActiveCfg = Release|Any CPU
		{223BF19A-6E3B-418B-8C86-2083A33E7F7D}.Release|x64.Build.0 = Release|Any CPU
		{223BF19A-6E3B-418B-8C86-2083A33E7F7D}.Release|x86.ActiveCfg = Release|Any CPU
		{223BF19A-6E3B-418B-8C86-2083A33E7F7D}.Release|x86.Build.0 = Release|Any CPU
		{027A1007-2EDA-411C-9865-65514FA49894}.Debug|Any CPU.ActiveCfg = Debug|Any CPU
		{027A1007-2EDA-411C-9865-65514FA49894}.Debug|Any CPU.Build.0 = Debug|Any CPU
		{027A1007-2EDA-411C-9865-65514FA49894}.Debug|x64.ActiveCfg = Debug|Any CPU
		{027A1007-2EDA-411C-9865-65514FA49894}.Debug|x64.Build.0 = Debug|Any CPU
		{027A1007-2EDA-411C-9865-65514FA49894}.Debug|x86.ActiveCfg = Debug|Any CPU
		{027A1007-2EDA-411C-9865-65514FA49894}.Debug|x86.Build.0 = Debug|Any CPU
		{027A1007-2EDA-411C-9865-65514FA49894}.Release|Any CPU.ActiveCfg = Release|Any CPU
		{027A1007-2EDA-411C-9865-65514FA49894}.Release|Any CPU.Build.0 = Release|Any CPU
		{027A1007-2EDA-411C-9865-65514FA49894}.Release|x64.ActiveCfg = Release|Any CPU
		{027A1007-2EDA-411C-9865-65514FA49894}.Release|x64.Build.0 = Release|Any CPU
		{027A1007-2EDA-411C-9865-65514FA49894}.Release|x86.ActiveCfg = Release|Any CPU
		{027A1007-2EDA-411C-9865-65514FA49894}.Release|x86.Build.0 = Release|Any CPU
		{792B7E28-1A53-4BE5-962D-F068A98DAA75}.Debug|Any CPU.ActiveCfg = Debug|Any CPU
		{792B7E28-1A53-4BE5-962D-F068A98DAA75}.Debug|Any CPU.Build.0 = Debug|Any CPU
		{792B7E28-1A53-4BE5-962D-F068A98DAA75}.Debug|x64.ActiveCfg = Debug|Any CPU
		{792B7E28-1A53-4BE5-962D-F068A98DAA75}.Debug|x64.Build.0 = Debug|Any CPU
		{792B7E28-1A53-4BE5-962D-F068A98DAA75}.Debug|x86.ActiveCfg = Debug|Any CPU
		{792B7E28-1A53-4BE5-962D-F068A98DAA75}.Debug|x86.Build.0 = Debug|Any CPU
		{792B7E28-1A53-4BE5-962D-F068A98DAA75}.Release|Any CPU.ActiveCfg = Release|Any CPU
		{792B7E28-1A53-4BE5-962D-F068A98DAA75}.Release|Any CPU.Build.0 = Release|Any CPU
		{792B7E28-1A53-4BE5-962D-F068A98DAA75}.Release|x64.ActiveCfg = Release|Any CPU
		{792B7E28-1A53-4BE5-962D-F068A98DAA75}.Release|x64.Build.0 = Release|Any CPU
		{792B7E28-1A53-4BE5-962D-F068A98DAA75}.Release|x86.ActiveCfg = Release|Any CPU
		{792B7E28-1A53-4BE5-962D-F068A98DAA75}.Release|x86.Build.0 = Release|Any CPU
		{C5C42B5F-3D80-B0F5-22DB-FBEFDF5BD1A7}.Debug|Any CPU.ActiveCfg = Debug|Any CPU
		{C5C42B5F-3D80-B0F5-22DB-FBEFDF5BD1A7}.Debug|Any CPU.Build.0 = Debug|Any CPU
		{C5C42B5F-3D80-B0F5-22DB-FBEFDF5BD1A7}.Debug|x64.ActiveCfg = Debug|Any CPU
		{C5C42B5F-3D80-B0F5-22DB-FBEFDF5BD1A7}.Debug|x64.Build.0 = Debug|Any CPU
		{C5C42B5F-3D80-B0F5-22DB-FBEFDF5BD1A7}.Debug|x86.ActiveCfg = Debug|Any CPU
		{C5C42B5F-3D80-B0F5-22DB-FBEFDF5BD1A7}.Debug|x86.Build.0 = Debug|Any CPU
		{C5C42B5F-3D80-B0F5-22DB-FBEFDF5BD1A7}.Release|Any CPU.ActiveCfg = Release|Any CPU
		{C5C42B5F-3D80-B0F5-22DB-FBEFDF5BD1A7}.Release|Any CPU.Build.0 = Release|Any CPU
		{C5C42B5F-3D80-B0F5-22DB-FBEFDF5BD1A7}.Release|x64.ActiveCfg = Release|Any CPU
		{C5C42B5F-3D80-B0F5-22DB-FBEFDF5BD1A7}.Release|x64.Build.0 = Release|Any CPU
		{C5C42B5F-3D80-B0F5-22DB-FBEFDF5BD1A7}.Release|x86.ActiveCfg = Release|Any CPU
		{C5C42B5F-3D80-B0F5-22DB-FBEFDF5BD1A7}.Release|x86.Build.0 = Release|Any CPU
		{073D9D71-C4C0-E8D4-5EC1-8364551EFA52}.Debug|Any CPU.ActiveCfg = Debug|Any CPU
		{073D9D71-C4C0-E8D4-5EC1-8364551EFA52}.Debug|Any CPU.Build.0 = Debug|Any CPU
		{073D9D71-C4C0-E8D4-5EC1-8364551EFA52}.Debug|x64.ActiveCfg = Debug|Any CPU
		{073D9D71-C4C0-E8D4-5EC1-8364551EFA52}.Debug|x64.Build.0 = Debug|Any CPU
		{073D9D71-C4C0-E8D4-5EC1-8364551EFA52}.Debug|x86.ActiveCfg = Debug|Any CPU
		{073D9D71-C4C0-E8D4-5EC1-8364551EFA52}.Debug|x86.Build.0 = Debug|Any CPU
		{073D9D71-C4C0-E8D4-5EC1-8364551EFA52}.Release|Any CPU.ActiveCfg = Release|Any CPU
		{073D9D71-C4C0-E8D4-5EC1-8364551EFA52}.Release|Any CPU.Build.0 = Release|Any CPU
		{073D9D71-C4C0-E8D4-5EC1-8364551EFA52}.Release|x64.ActiveCfg = Release|Any CPU
		{073D9D71-C4C0-E8D4-5EC1-8364551EFA52}.Release|x64.Build.0 = Release|Any CPU
		{073D9D71-C4C0-E8D4-5EC1-8364551EFA52}.Release|x86.ActiveCfg = Release|Any CPU
		{073D9D71-C4C0-E8D4-5EC1-8364551EFA52}.Release|x86.Build.0 = Release|Any CPU
		{9A3FE823-2404-67A3-C07F-287CA31944C1}.Debug|Any CPU.ActiveCfg = Debug|Any CPU
		{9A3FE823-2404-67A3-C07F-287CA31944C1}.Debug|Any CPU.Build.0 = Debug|Any CPU
		{9A3FE823-2404-67A3-C07F-287CA31944C1}.Debug|x64.ActiveCfg = Debug|Any CPU
		{9A3FE823-2404-67A3-C07F-287CA31944C1}.Debug|x64.Build.0 = Debug|Any CPU
		{9A3FE823-2404-67A3-C07F-287CA31944C1}.Debug|x86.ActiveCfg = Debug|Any CPU
		{9A3FE823-2404-67A3-C07F-287CA31944C1}.Debug|x86.Build.0 = Debug|Any CPU
		{9A3FE823-2404-67A3-C07F-287CA31944C1}.Release|Any CPU.ActiveCfg = Release|Any CPU
		{9A3FE823-2404-67A3-C07F-287CA31944C1}.Release|Any CPU.Build.0 = Release|Any CPU
		{9A3FE823-2404-67A3-C07F-287CA31944C1}.Release|x64.ActiveCfg = Release|Any CPU
		{9A3FE823-2404-67A3-C07F-287CA31944C1}.Release|x64.Build.0 = Release|Any CPU
		{9A3FE823-2404-67A3-C07F-287CA31944C1}.Release|x86.ActiveCfg = Release|Any CPU
		{9A3FE823-2404-67A3-C07F-287CA31944C1}.Release|x86.Build.0 = Release|Any CPU
		{4EA18762-1326-B16C-DECE-AEEE9DEB1C6A}.Debug|Any CPU.ActiveCfg = Debug|Any CPU
		{4EA18762-1326-B16C-DECE-AEEE9DEB1C6A}.Debug|Any CPU.Build.0 = Debug|Any CPU
		{4EA18762-1326-B16C-DECE-AEEE9DEB1C6A}.Debug|x64.ActiveCfg = Debug|Any CPU
		{4EA18762-1326-B16C-DECE-AEEE9DEB1C6A}.Debug|x64.Build.0 = Debug|Any CPU
		{4EA18762-1326-B16C-DECE-AEEE9DEB1C6A}.Debug|x86.ActiveCfg = Debug|Any CPU
		{4EA18762-1326-B16C-DECE-AEEE9DEB1C6A}.Debug|x86.Build.0 = Debug|Any CPU
		{4EA18762-1326-B16C-DECE-AEEE9DEB1C6A}.Release|Any CPU.ActiveCfg = Release|Any CPU
		{4EA18762-1326-B16C-DECE-AEEE9DEB1C6A}.Release|Any CPU.Build.0 = Release|Any CPU
		{4EA18762-1326-B16C-DECE-AEEE9DEB1C6A}.Release|x64.ActiveCfg = Release|Any CPU
		{4EA18762-1326-B16C-DECE-AEEE9DEB1C6A}.Release|x64.Build.0 = Release|Any CPU
		{4EA18762-1326-B16C-DECE-AEEE9DEB1C6A}.Release|x86.ActiveCfg = Release|Any CPU
		{4EA18762-1326-B16C-DECE-AEEE9DEB1C6A}.Release|x86.Build.0 = Release|Any CPU
	EndGlobalSection
	GlobalSection(SolutionProperties) = preSolution
		HideSolutionNode = FALSE
	EndGlobalSection
	GlobalSection(NestedProjects) = preSolution
		{C243D013-C9A9-4782-8240-A50CCF8265FF} = {827E0CD3-B72D-47B6-A68D-7590B98EB39B}
		{90298CBA-BD6F-3A0A-69D5-97CAD7B05E7E} = {827E0CD3-B72D-47B6-A68D-7590B98EB39B}
		{8C5EE0DC-A06F-447D-AD39-2DB5F67D4E22} = {90298CBA-BD6F-3A0A-69D5-97CAD7B05E7E}
		{BEE26EBF-A8AC-43CE-8DF0-9B1C93F70626} = {90298CBA-BD6F-3A0A-69D5-97CAD7B05E7E}
		{3EEAD9FC-00FD-4D63-AE04-E85D24C5A09E} = {90298CBA-BD6F-3A0A-69D5-97CAD7B05E7E}
		{61A69591-36DE-4607-851A-6A9F39E1DA0F} = {90298CBA-BD6F-3A0A-69D5-97CAD7B05E7E}
		{EC447DCF-ABFA-6E24-52A5-D7FD48A5C558} = {827E0CD3-B72D-47B6-A68D-7590B98EB39B}
		{CFD98C11-0354-2BE4-4011-BD6AEF12219D} = {EC447DCF-ABFA-6E24-52A5-D7FD48A5C558}
		{1DB8579E-F267-4F73-AE90-F6F05A3CECAC} = {CFD98C11-0354-2BE4-4011-BD6AEF12219D}
		{7C81D9FE-7010-4D50-BD6C-75A9AE8187AF} = {CFD98C11-0354-2BE4-4011-BD6AEF12219D}
		{23F90576-2641-4130-9B24-C1DFEC9CB2F6} = {CFD98C11-0354-2BE4-4011-BD6AEF12219D}
		{223BF19A-6E3B-418B-8C86-2083A33E7F7D} = {CFD98C11-0354-2BE4-4011-BD6AEF12219D}
		{83305918-64C9-8F14-85A3-CA2B958EC104} = {EC447DCF-ABFA-6E24-52A5-D7FD48A5C558}
		{027A1007-2EDA-411C-9865-65514FA49894} = {83305918-64C9-8F14-85A3-CA2B958EC104}
		{792B7E28-1A53-4BE5-962D-F068A98DAA75} = {83305918-64C9-8F14-85A3-CA2B958EC104}
		{C5C42B5F-3D80-B0F5-22DB-FBEFDF5BD1A7} = {CFD98C11-0354-2BE4-4011-BD6AEF12219D}
		{073D9D71-C4C0-E8D4-5EC1-8364551EFA52} = {CFD98C11-0354-2BE4-4011-BD6AEF12219D}
		{9A3FE823-2404-67A3-C07F-287CA31944C1} = {83305918-64C9-8F14-85A3-CA2B958EC104}
	EndGlobalSection
	GlobalSection(ExtensibilityGlobals) = postSolution
		SolutionGuid = {8DA1FB70-CF54-4988-A319-4C09CB93FFF1}
	EndGlobalSection
EndGlobal
